
Microsoft Visual Studio Solution File, Format Version 12.00
# Visual Studio 14
VisualStudioVersion = 14.0.25123.0
MinimumVisualStudioVersion = 10.0.40219.1
Project("{FAE04EC0-301F-11D3-BF4B-00C04F79EFBC}") = "NorwichCQRS.Infrastructure", "NorwichCQRS.Infrastructure\NorwichCQRS.Infrastructure.csproj", "{525FEDB7-0FDA-4D40-B485-E2D7AF02879D}"
EndProject
Project("{FAE04EC0-301F-11D3-BF4B-00C04F79EFBC}") = "NorwichCQRS.Core", "NorwichCQRS.Core\NorwichCQRS.Core.csproj", "{A10DE543-0E05-4154-B819-7E526DDF18C4}"
EndProject
Project("{FAE04EC0-301F-11D3-BF4B-00C04F79EFBC}") = "NorwichCQRS.Tests", "NorwichCQRS.Tests\NorwichCQRS.Tests.csproj", "{597E42FA-CF97-42AC-88FD-ED5E855C6DD9}"
EndProject
Global
	GlobalSection(SolutionConfigurationPlatforms) = preSolution
		Debug|Any CPU = Debug|Any CPU
		Release|Any CPU = Release|Any CPU
	EndGlobalSection
	GlobalSection(ProjectConfigurationPlatforms) = postSolution
		{525FEDB7-0FDA-4D40-B485-E2D7AF02879D}.Debug|Any CPU.ActiveCfg = Debug|Any CPU
		{525FEDB7-0FDA-4D40-B485-E2D7AF02879D}.Debug|Any CPU.Build.0 = Debug|Any CPU
		{525FEDB7-0FDA-4D40-B485-E2D7AF02879D}.Release|Any CPU.ActiveCfg = Release|Any CPU
		{525FEDB7-0FDA-4D40-B485-E2D7AF02879D}.Release|Any CPU.Build.0 = Release|Any CPU
		{A10DE543-0E05-4154-B819-7E526DDF18C4}.Debug|Any CPU.ActiveCfg = Debug|Any CPU
		{A10DE543-0E05-4154-B819-7E526DDF18C4}.Debug|Any CPU.Build.0 = Debug|Any CPU
		{A10DE543-0E05-4154-B819-7E526DDF18C4}.Release|Any CPU.ActiveCfg = Release|Any CPU
		{A10DE543-0E05-4154-B819-7E526DDF18C4}.Release|Any CPU.Build.0 = Release|Any CPU
		{597E42FA-CF97-42AC-88FD-ED5E855C6DD9}.Debug|Any CPU.ActiveCfg = Debug|Any CPU
		{597E42FA-CF97-42AC-88FD-ED5E855C6DD9}.Debug|Any CPU.Build.0 = Debug|Any CPU
		{597E42FA-CF97-42AC-88FD-ED5E855C6DD9}.Release|Any CPU.ActiveCfg = Release|Any CPU
		{597E42FA-CF97-42AC-88FD-ED5E855C6DD9}.Release|Any CPU.Build.0 = Release|Any CPU
	EndGlobalSection
	GlobalSection(SolutionProperties) = preSolution
		HideSolutionNode = FALSE
	EndGlobalSection
EndGlobal
